
Microsoft Visual Studio Solution File, Format Version 12.00
# Visual Studio Version 16
VisualStudioVersion = 16.0.29215.179
MinimumVisualStudioVersion = 10.0.40219.1
Project("{FAE04EC0-301F-11D3-BF4B-00C04F79EFBC}") = "DAL", "src\DAL\DAL.csproj", "{1141F820-40BA-44BE-9681-FD40F46E7CA7}"
EndProject
Project("{FAE04EC0-301F-11D3-BF4B-00C04F79EFBC}") = "BLL", "src\BLL\BLL.csproj", "{1774E0B1-A3AE-4F1B-8EE5-04F88B4D02F8}"
EndProject
Project("{FAE04EC0-301F-11D3-BF4B-00C04F79EFBC}") = "UI", "src\UI\UI.csproj", "{42752347-4A65-48E0-B8A6-D2E26C00B87C}"
EndProject
Project("{2150E333-8FDC-42A3-9474-1A3956D46DE8}") = "1. User Interface", "1. User Interface", "{8A0FDCFB-889E-49AB-B570-EA4B3A73EC22}"
EndProject
Project("{2150E333-8FDC-42A3-9474-1A3956D46DE8}") = "2. Bussiness Logic Layer", "2. Bussiness Logic Layer", "{129EA2C8-9BD0-4EEA-917D-B1561865ACE9}"
EndProject
Project("{2150E333-8FDC-42A3-9474-1A3956D46DE8}") = "3. Data Acess Layer", "3. Data Acess Layer", "{6A16ED1F-6E0E-4A96-8465-4C5E8A17BEC4}"
EndProject
Global
	GlobalSection(SolutionConfigurationPlatforms) = preSolution
		Debug|Any CPU = Debug|Any CPU
		Release|Any CPU = Release|Any CPU
	EndGlobalSection
	GlobalSection(ProjectConfigurationPlatforms) = postSolution
		{1141F820-40BA-44BE-9681-FD40F46E7CA7}.Debug|Any CPU.ActiveCfg = Debug|Any CPU
		{1141F820-40BA-44BE-9681-FD40F46E7CA7}.Debug|Any CPU.Build.0 = Debug|Any CPU
		{1141F820-40BA-44BE-9681-FD40F46E7CA7}.Release|Any CPU.ActiveCfg = Release|Any CPU
		{1141F820-40BA-44BE-9681-FD40F46E7CA7}.Release|Any CPU.Build.0 = Release|Any CPU
		{1774E0B1-A3AE-4F1B-8EE5-04F88B4D02F8}.Debug|Any CPU.ActiveCfg = Debug|Any CPU
		{1774E0B1-A3AE-4F1B-8EE5-04F88B4D02F8}.Debug|Any CPU.Build.0 = Debug|Any CPU
		{1774E0B1-A3AE-4F1B-8EE5-04F88B4D02F8}.Release|Any CPU.ActiveCfg = Release|Any CPU
		{1774E0B1-A3AE-4F1B-8EE5-04F88B4D02F8}.Release|Any CPU.Build.0 = Release|Any CPU
		{42752347-4A65-48E0-B8A6-D2E26C00B87C}.Debug|Any CPU.ActiveCfg = Debug|Any CPU
		{42752347-4A65-48E0-B8A6-D2E26C00B87C}.Debug|Any CPU.Build.0 = Debug|Any CPU
		{42752347-4A65-48E0-B8A6-D2E26C00B87C}.Release|Any CPU.ActiveCfg = Release|Any CPU
		{42752347-4A65-48E0-B8A6-D2E26C00B87C}.Release|Any CPU.Build.0 = Release|Any CPU
	EndGlobalSection
	GlobalSection(SolutionProperties) = preSolution
		HideSolutionNode = FALSE
	EndGlobalSection
	GlobalSection(NestedProjects) = preSolution
		{1141F820-40BA-44BE-9681-FD40F46E7CA7} = {6A16ED1F-6E0E-4A96-8465-4C5E8A17BEC4}
		{1774E0B1-A3AE-4F1B-8EE5-04F88B4D02F8} = {129EA2C8-9BD0-4EEA-917D-B1561865ACE9}
		{42752347-4A65-48E0-B8A6-D2E26C00B87C} = {8A0FDCFB-889E-49AB-B570-EA4B3A73EC22}
	EndGlobalSection
	GlobalSection(ExtensibilityGlobals) = postSolution
		SolutionGuid = {DE534A0D-E51F-4EE3-B6D4-D5F028B35727}
	EndGlobalSection
EndGlobal
